
Microsoft Visual Studio Solution File, Format Version 12.00
# Visual Studio Version 16
VisualStudioVersion = 16.0.31129.286
MinimumVisualStudioVersion = 10.0.40219.1
Project("{9A19103F-16F7-4668-BE54-9A1E7A4F7556}") = "Growl", "Growl\Growl.csproj", "{DD1C2204-32B0-41DE-835B-6D25415BBA47}"
EndProject
Global
	GlobalSection(SolutionConfigurationPlatforms) = preSolution
		Debug|Any CPU = Debug|Any CPU
		Release|Any CPU = Release|Any CPU
	EndGlobalSection
	GlobalSection(ProjectConfigurationPlatforms) = postSolution
		{DD1C2204-32B0-41DE-835B-6D25415BBA47}.Debug|Any CPU.ActiveCfg = Debug|Any CPU
		{DD1C2204-32B0-41DE-835B-6D25415BBA47}.Debug|Any CPU.Build.0 = Debug|Any CPU
		{DD1C2204-32B0-41DE-835B-6D25415BBA47}.Release|Any CPU.ActiveCfg = Release|Any CPU
		{DD1C2204-32B0-41DE-835B-6D25415BBA47}.Release|Any CPU.Build.0 = Release|Any CPU
	EndGlobalSection
	GlobalSection(SolutionProperties) = preSolution
		HideSolutionNode = FALSE
	EndGlobalSection
	GlobalSection(ExtensibilityGlobals) = postSolution
		SolutionGuid = {0CF2BAB6-0E80-4BCD-93E5-981AD1F623E0}
	EndGlobalSection
EndGlobal
